# generated by rye
# use `rye lock` or `rye sync` to update this lockfile
#
# last locked with the following flags:
#   pre: false
#   features: []
#   all-features: false
#   with-sources: false

-e file:.
certifi==2024.6.2
    # via requests
charset-normalizer==3.3.2
    # via requests
contourpy==1.2.1
    # via matplotlib
cycler==0.12.1
    # via matplotlib
fonttools==4.53.0
    # via matplotlib
idna==3.7
    # via requests
kiwisolver==1.4.5
    # via matplotlib
matplotlib==3.9.0
    # via cvsemi2024
numpy==2.0.0
    # via contourpy
    # via cvsemi2024
    # via matplotlib
    # via opencv-python
opencv-python==4.10.0.84
    # via cvsemi2024
packaging==24.1
    # via matplotlib
pillow==10.4.0
    # via cvsemi2024
    # via matplotlib
pyparsing==3.1.2
    # via matplotlib
python-dateutil==2.9.0.post0
    # via matplotlib
python-dotenv==1.0.1
    # via cvsemi2024
requests==2.32.3
    # via cvsemi2024
six==1.16.0
    # via python-dateutil
urllib3==2.2.2
    # via requests
